
Microsoft Visual Studio Solution File, Format Version 12.00
# Visual Studio Version 17
VisualStudioVersion = 17.14.36429.23 d17.14
MinimumVisualStudioVersion = 10.0.40219.1
Project("{FAE04EC0-301F-11D3-BF4B-00C04F79EFBC}") = "кп4_чм_1", "кп4_чм_1\кп4_чм_1.csproj", "{708D4DD8-4F87-4563-9104-2F9ADF0B47EB}"
EndProject
Global
	GlobalSection(SolutionConfigurationPlatforms) = preSolution
		Debug|Any CPU = Debug|Any CPU
		Release|Any CPU = Release|Any CPU
	EndGlobalSection
	GlobalSection(ProjectConfigurationPlatforms) = postSolution
		{708D4DD8-4F87-4563-9104-2F9ADF0B47EB}.Debug|Any CPU.ActiveCfg = Debug|Any CPU
		{708D4DD8-4F87-4563-9104-2F9ADF0B47EB}.Debug|Any CPU.Build.0 = Debug|Any CPU
		{708D4DD8-4F87-4563-9104-2F9ADF0B47EB}.Release|Any CPU.ActiveCfg = Release|Any CPU
		{708D4DD8-4F87-4563-9104-2F9ADF0B47EB}.Release|Any CPU.Build.0 = Release|Any CPU
	EndGlobalSection
	GlobalSection(SolutionProperties) = preSolution
		HideSolutionNode = FALSE
	EndGlobalSection
	GlobalSection(ExtensibilityGlobals) = postSolution
		SolutionGuid = {4C6D58CE-6373-4FF4-ADF1-8C46DBC1F920}
	EndGlobalSection
EndGlobal
