
Microsoft Visual Studio Solution File, Format Version 12.00
# Visual Studio Version 17
VisualStudioVersion = 17.14.36429.23 d17.14
MinimumVisualStudioVersion = 10.0.40219.1
Project("{FAE04EC0-301F-11D3-BF4B-00C04F79EFBC}") = "кп14_чм", "кп14_чм\кп14_чм.csproj", "{40EC6D70-FB49-4D98-96FC-2CA5E2ACEC9C}"
EndProject
Global
	GlobalSection(SolutionConfigurationPlatforms) = preSolution
		Debug|Any CPU = Debug|Any CPU
		Release|Any CPU = Release|Any CPU
	EndGlobalSection
	GlobalSection(ProjectConfigurationPlatforms) = postSolution
		{40EC6D70-FB49-4D98-96FC-2CA5E2ACEC9C}.Debug|Any CPU.ActiveCfg = Debug|Any CPU
		{40EC6D70-FB49-4D98-96FC-2CA5E2ACEC9C}.Debug|Any CPU.Build.0 = Debug|Any CPU
		{40EC6D70-FB49-4D98-96FC-2CA5E2ACEC9C}.Release|Any CPU.ActiveCfg = Release|Any CPU
		{40EC6D70-FB49-4D98-96FC-2CA5E2ACEC9C}.Release|Any CPU.Build.0 = Release|Any CPU
	EndGlobalSection
	GlobalSection(SolutionProperties) = preSolution
		HideSolutionNode = FALSE
	EndGlobalSection
	GlobalSection(ExtensibilityGlobals) = postSolution
		SolutionGuid = {12AE914B-2CCD-496F-B091-53989A6EAA0C}
	EndGlobalSection
EndGlobal
