
Microsoft Visual Studio Solution File, Format Version 12.00
# Visual Studio Version 17
VisualStudioVersion = 17.13.35931.197 d17.13
MinimumVisualStudioVersion = 10.0.40219.1
Project("{FAE04EC0-301F-11D3-BF4B-00C04F79EFBC}") = "КП12 АНЯ", "КП12 АНЯ\КП12 АНЯ.csproj", "{CA34018A-145E-4CA1-BCDE-871087FAAD8A}"
EndProject
Global
	GlobalSection(SolutionConfigurationPlatforms) = preSolution
		Debug|Any CPU = Debug|Any CPU
		Release|Any CPU = Release|Any CPU
	EndGlobalSection
	GlobalSection(ProjectConfigurationPlatforms) = postSolution
		{CA34018A-145E-4CA1-BCDE-871087FAAD8A}.Debug|Any CPU.ActiveCfg = Debug|Any CPU
		{CA34018A-145E-4CA1-BCDE-871087FAAD8A}.Debug|Any CPU.Build.0 = Debug|Any CPU
		{CA34018A-145E-4CA1-BCDE-871087FAAD8A}.Release|Any CPU.ActiveCfg = Release|Any CPU
		{CA34018A-145E-4CA1-BCDE-871087FAAD8A}.Release|Any CPU.Build.0 = Release|Any CPU
	EndGlobalSection
	GlobalSection(SolutionProperties) = preSolution
		HideSolutionNode = FALSE
	EndGlobalSection
	GlobalSection(ExtensibilityGlobals) = postSolution
		SolutionGuid = {B6862C65-87E7-4400-9CE0-2FE08CA2400C}
	EndGlobalSection
EndGlobal
