
Microsoft Visual Studio Solution File, Format Version 12.00
# Visual Studio Version 17
VisualStudioVersion = 17.14.36429.23 d17.14
MinimumVisualStudioVersion = 10.0.40219.1
Project("{FAE04EC0-301F-11D3-BF4B-00C04F79EFBC}") = "кп1_чм", "кп1_чм\кп1_чм.csproj", "{30F4BFD3-14F1-4CFA-9528-685FB2BB36D0}"
EndProject
Global
	GlobalSection(SolutionConfigurationPlatforms) = preSolution
		Debug|Any CPU = Debug|Any CPU
		Release|Any CPU = Release|Any CPU
	EndGlobalSection
	GlobalSection(ProjectConfigurationPlatforms) = postSolution
		{30F4BFD3-14F1-4CFA-9528-685FB2BB36D0}.Debug|Any CPU.ActiveCfg = Debug|Any CPU
		{30F4BFD3-14F1-4CFA-9528-685FB2BB36D0}.Debug|Any CPU.Build.0 = Debug|Any CPU
		{30F4BFD3-14F1-4CFA-9528-685FB2BB36D0}.Release|Any CPU.ActiveCfg = Release|Any CPU
		{30F4BFD3-14F1-4CFA-9528-685FB2BB36D0}.Release|Any CPU.Build.0 = Release|Any CPU
	EndGlobalSection
	GlobalSection(SolutionProperties) = preSolution
		HideSolutionNode = FALSE
	EndGlobalSection
	GlobalSection(ExtensibilityGlobals) = postSolution
		SolutionGuid = {8A155089-C8ED-4F37-8377-51C1CE1AAB45}
	EndGlobalSection
EndGlobal
